
Microsoft Visual Studio Solution File, Format Version 12.00
# Visual Studio 2013
VisualStudioVersion = 12.0.31101.0
MinimumVisualStudioVersion = 10.0.40219.1
Project("{FAE04EC0-301F-11D3-BF4B-00C04F79EFBC}") = "Stance_CSV_Reader", "Stance_CSV_Reader\Stance_CSV_Reader.csproj", "{EDD52458-CAAB-42C9-A9FE-BBDF6ECC90C3}"
EndProject
Global
	GlobalSection(SolutionConfigurationPlatforms) = preSolution
		Debug|Any CPU = Debug|Any CPU
		Release|Any CPU = Release|Any CPU
	EndGlobalSection
	GlobalSection(ProjectConfigurationPlatforms) = postSolution
		{EDD52458-CAAB-42C9-A9FE-BBDF6ECC90C3}.Debug|Any CPU.ActiveCfg = Debug|Any CPU
		{EDD52458-CAAB-42C9-A9FE-BBDF6ECC90C3}.Debug|Any CPU.Build.0 = Debug|Any CPU
		{EDD52458-CAAB-42C9-A9FE-BBDF6ECC90C3}.Release|Any CPU.ActiveCfg = Release|Any CPU
		{EDD52458-CAAB-42C9-A9FE-BBDF6ECC90C3}.Release|Any CPU.Build.0 = Release|Any CPU
	EndGlobalSection
	GlobalSection(SolutionProperties) = preSolution
		HideSolutionNode = FALSE
	EndGlobalSection
EndGlobal
